
Microsoft Visual Studio Solution File, Format Version 12.00
# Visual Studio 15
Project("{FAE04EC0-301F-11D3-BF4B-00C04F79EFBC}") = "Unity.RenderPipelines.Core.Runtime", "Unity.RenderPipelines.Core.Runtime.csproj", "{C44D28EA-EBA3-4BFE-B6FA-01250A95AD1C}"
EndProject
Project("{FAE04EC0-301F-11D3-BF4B-00C04F79EFBC}") = "UnityEngine.TestRunner", "UnityEngine.TestRunner.csproj", "{C05360DF-5278-251F-BA16-C73EF1D55EE2}"
EndProject
Project("{FAE04EC0-301F-11D3-BF4B-00C04F79EFBC}") = "Unity.Mathematics", "Unity.Mathematics.csproj", "{E3E29038-DB4D-FC6C-3ABF-6045DAE536C9}"
EndProject
Project("{FAE04EC0-301F-11D3-BF4B-00C04F79EFBC}") = "Unity.Timeline", "Unity.Timeline.csproj", "{1F82A0E8-C861-814E-C60A-F142B4F4AF59}"
EndProject
Project("{FAE04EC0-301F-11D3-BF4B-00C04F79EFBC}") = "Unity.RenderPipelines.Universal.Runtime", "Unity.RenderPipelines.Universal.Runtime.csproj", "{B1BA33CD-36DD-1E5A-77A8-3BFB6042A1D4}"
EndProject
Project("{FAE04EC0-301F-11D3-BF4B-00C04F79EFBC}") = "Unity.TextMeshPro", "Unity.TextMeshPro.csproj", "{582DCD1E-99D3-18FD-B3A1-DB680E5E03CC}"
EndProject
Project("{FAE04EC0-301F-11D3-BF4B-00C04F79EFBC}") = "Assembly-CSharp", "Assembly-CSharp.csproj", "{FFFF9655-5492-ED87-D1A7-D847F0657020}"
EndProject
Project("{FAE04EC0-301F-11D3-BF4B-00C04F79EFBC}") = "Unity.RenderPipelines.Core.ShaderLibrary", "Unity.RenderPipelines.Core.ShaderLibrary.csproj", "{ED84CB90-65A2-493B-030F-EE929382E5BF}"
EndProject
Project("{FAE04EC0-301F-11D3-BF4B-00C04F79EFBC}") = "Unity.RenderPipelines.Universal.Shaders", "Unity.RenderPipelines.Universal.Shaders.csproj", "{9D5C15EA-3827-CDD7-B03B-34A44E7C1426}"
EndProject
Project("{FAE04EC0-301F-11D3-BF4B-00C04F79EFBC}") = "Unity.RenderPipelines.ShaderGraph.ShaderGraphLibrary", "Unity.RenderPipelines.ShaderGraph.ShaderGraphLibrary.csproj", "{780AE0AA-D2F7-F5B0-B243-B5BFA7C8635B}"
EndProject
Project("{FAE04EC0-301F-11D3-BF4B-00C04F79EFBC}") = "Unity.RenderPipeline.Universal.ShaderLibrary", "Unity.RenderPipeline.Universal.ShaderLibrary.csproj", "{F7095BF2-68AE-4518-A5E0-93D82D99C2C1}"
EndProject
Project("{FAE04EC0-301F-11D3-BF4B-00C04F79EFBC}") = "UnityEditor.TestRunner", "UnityEditor.TestRunner.csproj", "{CB7CF1A7-3718-2A7A-F70A-078260796BE3}"
EndProject
Project("{FAE04EC0-301F-11D3-BF4B-00C04F79EFBC}") = "Unity.PlasticSCM.Editor", "Unity.PlasticSCM.Editor.csproj", "{03821E17-5970-F4B8-1140-6F799E7CA5FA}"
EndProject
Project("{FAE04EC0-301F-11D3-BF4B-00C04F79EFBC}") = "Unity.ShaderGraph.Editor", "Unity.ShaderGraph.Editor.csproj", "{43C28A2A-525A-1CAF-E706-A67AF9416F1F}"
EndProject
Project("{FAE04EC0-301F-11D3-BF4B-00C04F79EFBC}") = "Unity.VisualStudio.Editor", "Unity.VisualStudio.Editor.csproj", "{355C5A17-65FB-4690-AB45-BF9422980DD9}"
EndProject
Project("{FAE04EC0-301F-11D3-BF4B-00C04F79EFBC}") = "Unity.Timeline.Editor", "Unity.Timeline.Editor.csproj", "{8A2EE922-6AAE-0CB2-C3EE-F4B485EC9402}"
EndProject
Project("{FAE04EC0-301F-11D3-BF4B-00C04F79EFBC}") = "Unity.Services.Core.Editor", "Unity.Services.Core.Editor.csproj", "{E9BC0413-8816-D1E4-920D-3BFBCE0A880F}"
EndProject
Project("{FAE04EC0-301F-11D3-BF4B-00C04F79EFBC}") = "Unity.TextMeshPro.Editor", "Unity.TextMeshPro.Editor.csproj", "{655C07A2-E13A-743A-E845-22CA78E19C72}"
EndProject
Project("{FAE04EC0-301F-11D3-BF4B-00C04F79EFBC}") = "Unity.RenderPipelines.Core.Editor", "Unity.RenderPipelines.Core.Editor.csproj", "{A8B29A53-0F1D-9459-3066-31BA7B85D51C}"
EndProject
Project("{FAE04EC0-301F-11D3-BF4B-00C04F79EFBC}") = "Unity.CollabProxy.Editor", "Unity.CollabProxy.Editor.csproj", "{3E749B70-D5E4-D65D-9625-13E4872A6859}"
EndProject
Project("{FAE04EC0-301F-11D3-BF4B-00C04F79EFBC}") = "Unity.ShaderGraph.Utilities", "Unity.ShaderGraph.Utilities.csproj", "{D406FFA4-23C4-91F8-DF24-E77E78822269}"
EndProject
Project("{FAE04EC0-301F-11D3-BF4B-00C04F79EFBC}") = "Unity.RenderPipelines.Universal.Editor", "Unity.RenderPipelines.Universal.Editor.csproj", "{2281EF0A-D617-F075-04F8-B1CAE7ED1307}"
EndProject
Project("{FAE04EC0-301F-11D3-BF4B-00C04F79EFBC}") = "Unity.Rider.Editor", "Unity.Rider.Editor.csproj", "{C272E6E3-216F-CBDE-5B51-D11B74F78F8B}"
EndProject
Project("{FAE04EC0-301F-11D3-BF4B-00C04F79EFBC}") = "Unity.Searcher.Editor", "Unity.Searcher.Editor.csproj", "{53DF133D-9B6D-F5B1-3DA8-CDFA52540754}"
EndProject
Project("{FAE04EC0-301F-11D3-BF4B-00C04F79EFBC}") = "Unity.VSCode.Editor", "Unity.VSCode.Editor.csproj", "{B7286B4F-A789-FBFD-F7AD-7C59EBC15FBD}"
EndProject
Project("{FAE04EC0-301F-11D3-BF4B-00C04F79EFBC}") = "Unity.Mathematics.Editor", "Unity.Mathematics.Editor.csproj", "{C89BA3D1-E8DA-6147-1403-0CDCF0F532EF}"
EndProject
Project("{FAE04EC0-301F-11D3-BF4B-00C04F79EFBC}") = "Assembly-CSharp-Editor", "Assembly-CSharp-Editor.csproj", "{BED3F9D4-3AF0-7CD4-1098-AA1EFD2867FB}"
EndProject
Global
	GlobalSection(SolutionConfigurationPlatforms) = preSolution
		Debug|Any CPU = Debug|Any CPU
		Release|Any CPU = Release|Any CPU
	EndGlobalSection
	GlobalSection(ProjectConfigurationPlatforms) = postSolution
		{C44D28EA-EBA3-4BFE-B6FA-01250A95AD1C}.Debug|Any CPU.ActiveCfg = Debug|Any CPU
		{C44D28EA-EBA3-4BFE-B6FA-01250A95AD1C}.Debug|Any CPU.Build.0 = Debug|Any CPU
		{C44D28EA-EBA3-4BFE-B6FA-01250A95AD1C}.Release|Any CPU.ActiveCfg = Release|Any CPU
		{C44D28EA-EBA3-4BFE-B6FA-01250A95AD1C}.Release|Any CPU.Build.0 = Release|Any CPU
		{C05360DF-5278-251F-BA16-C73EF1D55EE2}.Debug|Any CPU.ActiveCfg = Debug|Any CPU
		{C05360DF-5278-251F-BA16-C73EF1D55EE2}.Debug|Any CPU.Build.0 = Debug|Any CPU
		{C05360DF-5278-251F-BA16-C73EF1D55EE2}.Release|Any CPU.ActiveCfg = Release|Any CPU
		{C05360DF-5278-251F-BA16-C73EF1D55EE2}.Release|Any CPU.Build.0 = Release|Any CPU
		{E3E29038-DB4D-FC6C-3ABF-6045DAE536C9}.Debug|Any CPU.ActiveCfg = Debug|Any CPU
		{E3E29038-DB4D-FC6C-3ABF-6045DAE536C9}.Debug|Any CPU.Build.0 = Debug|Any CPU
		{E3E29038-DB4D-FC6C-3ABF-6045DAE536C9}.Release|Any CPU.ActiveCfg = Release|Any CPU
		{E3E29038-DB4D-FC6C-3ABF-6045DAE536C9}.Release|Any CPU.Build.0 = Release|Any CPU
		{1F82A0E8-C861-814E-C60A-F142B4F4AF59}.Debug|Any CPU.ActiveCfg = Debug|Any CPU
		{1F82A0E8-C861-814E-C60A-F142B4F4AF59}.Debug|Any CPU.Build.0 = Debug|Any CPU
		{1F82A0E8-C861-814E-C60A-F142B4F4AF59}.Release|Any CPU.ActiveCfg = Release|Any CPU
		{1F82A0E8-C861-814E-C60A-F142B4F4AF59}.Release|Any CPU.Build.0 = Release|Any CPU
		{B1BA33CD-36DD-1E5A-77A8-3BFB6042A1D4}.Debug|Any CPU.ActiveCfg = Debug|Any CPU
		{B1BA33CD-36DD-1E5A-77A8-3BFB6042A1D4}.Debug|Any CPU.Build.0 = Debug|Any CPU
		{B1BA33CD-36DD-1E5A-77A8-3BFB6042A1D4}.Release|Any CPU.ActiveCfg = Release|Any CPU
		{B1BA33CD-36DD-1E5A-77A8-3BFB6042A1D4}.Release|Any CPU.Build.0 = Release|Any CPU
		{582DCD1E-99D3-18FD-B3A1-DB680E5E03CC}.Debug|Any CPU.ActiveCfg = Debug|Any CPU
		{582DCD1E-99D3-18FD-B3A1-DB680E5E03CC}.Debug|Any CPU.Build.0 = Debug|Any CPU
		{582DCD1E-99D3-18FD-B3A1-DB680E5E03CC}.Release|Any CPU.ActiveCfg = Release|Any CPU
		{582DCD1E-99D3-18FD-B3A1-DB680E5E03CC}.Release|Any CPU.Build.0 = Release|Any CPU
		{FFFF9655-5492-ED87-D1A7-D847F0657020}.Debug|Any CPU.ActiveCfg = Debug|Any CPU
		{FFFF9655-5492-ED87-D1A7-D847F0657020}.Debug|Any CPU.Build.0 = Debug|Any CPU
		{FFFF9655-5492-ED87-D1A7-D847F0657020}.Release|Any CPU.ActiveCfg = Release|Any CPU
		{FFFF9655-5492-ED87-D1A7-D847F0657020}.Release|Any CPU.Build.0 = Release|Any CPU
		{ED84CB90-65A2-493B-030F-EE929382E5BF}.Debug|Any CPU.ActiveCfg = Debug|Any CPU
		{ED84CB90-65A2-493B-030F-EE929382E5BF}.Debug|Any CPU.Build.0 = Debug|Any CPU
		{ED84CB90-65A2-493B-030F-EE929382E5BF}.Release|Any CPU.ActiveCfg = Release|Any CPU
		{ED84CB90-65A2-493B-030F-EE929382E5BF}.Release|Any CPU.Build.0 = Release|Any CPU
		{9D5C15EA-3827-CDD7-B03B-34A44E7C1426}.Debug|Any CPU.ActiveCfg = Debug|Any CPU
		{9D5C15EA-3827-CDD7-B03B-34A44E7C1426}.Debug|Any CPU.Build.0 = Debug|Any CPU
		{9D5C15EA-3827-CDD7-B03B-34A44E7C1426}.Release|Any CPU.ActiveCfg = Release|Any CPU
		{9D5C15EA-3827-CDD7-B03B-34A44E7C1426}.Release|Any CPU.Build.0 = Release|Any CPU
		{780AE0AA-D2F7-F5B0-B243-B5BFA7C8635B}.Debug|Any CPU.ActiveCfg = Debug|Any CPU
		{780AE0AA-D2F7-F5B0-B243-B5BFA7C8635B}.Debug|Any CPU.Build.0 = Debug|Any CPU
		{780AE0AA-D2F7-F5B0-B243-B5BFA7C8635B}.Release|Any CPU.ActiveCfg = Release|Any CPU
		{780AE0AA-D2F7-F5B0-B243-B5BFA7C8635B}.Release|Any CPU.Build.0 = Release|Any CPU
		{F7095BF2-68AE-4518-A5E0-93D82D99C2C1}.Debug|Any CPU.ActiveCfg = Debug|Any CPU
		{F7095BF2-68AE-4518-A5E0-93D82D99C2C1}.Debug|Any CPU.Build.0 = Debug|Any CPU
		{F7095BF2-68AE-4518-A5E0-93D82D99C2C1}.Release|Any CPU.ActiveCfg = Release|Any CPU
		{F7095BF2-68AE-4518-A5E0-93D82D99C2C1}.Release|Any CPU.Build.0 = Release|Any CPU
		{CB7CF1A7-3718-2A7A-F70A-078260796BE3}.Debug|Any CPU.ActiveCfg = Debug|Any CPU
		{CB7CF1A7-3718-2A7A-F70A-078260796BE3}.Debug|Any CPU.Build.0 = Debug|Any CPU
		{CB7CF1A7-3718-2A7A-F70A-078260796BE3}.Release|Any CPU.ActiveCfg = Release|Any CPU
		{CB7CF1A7-3718-2A7A-F70A-078260796BE3}.Release|Any CPU.Build.0 = Release|Any CPU
		{03821E17-5970-F4B8-1140-6F799E7CA5FA}.Debug|Any CPU.ActiveCfg = Debug|Any CPU
		{03821E17-5970-F4B8-1140-6F799E7CA5FA}.Debug|Any CPU.Build.0 = Debug|Any CPU
		{03821E17-5970-F4B8-1140-6F799E7CA5FA}.Release|Any CPU.ActiveCfg = Release|Any CPU
		{03821E17-5970-F4B8-1140-6F799E7CA5FA}.Release|Any CPU.Build.0 = Release|Any CPU
		{43C28A2A-525A-1CAF-E706-A67AF9416F1F}.Debug|Any CPU.ActiveCfg = Debug|Any CPU
		{43C28A2A-525A-1CAF-E706-A67AF9416F1F}.Debug|Any CPU.Build.0 = Debug|Any CPU
		{43C28A2A-525A-1CAF-E706-A67AF9416F1F}.Release|Any CPU.ActiveCfg = Release|Any CPU
		{43C28A2A-525A-1CAF-E706-A67AF9416F1F}.Release|Any CPU.Build.0 = Release|Any CPU
		{355C5A17-65FB-4690-AB45-BF9422980DD9}.Debug|Any CPU.ActiveCfg = Debug|Any CPU
		{355C5A17-65FB-4690-AB45-BF9422980DD9}.Debug|Any CPU.Build.0 = Debug|Any CPU
		{355C5A17-65FB-4690-AB45-BF9422980DD9}.Release|Any CPU.ActiveCfg = Release|Any CPU
		{355C5A17-65FB-4690-AB45-BF9422980DD9}.Release|Any CPU.Build.0 = Release|Any CPU
		{8A2EE922-6AAE-0CB2-C3EE-F4B485EC9402}.Debug|Any CPU.ActiveCfg = Debug|Any CPU
		{8A2EE922-6AAE-0CB2-C3EE-F4B485EC9402}.Debug|Any CPU.Build.0 = Debug|Any CPU
		{8A2EE922-6AAE-0CB2-C3EE-F4B485EC9402}.Release|Any CPU.ActiveCfg = Release|Any CPU
		{8A2EE922-6AAE-0CB2-C3EE-F4B485EC9402}.Release|Any CPU.Build.0 = Release|Any CPU
		{E9BC0413-8816-D1E4-920D-3BFBCE0A880F}.Debug|Any CPU.ActiveCfg = Debug|Any CPU
		{E9BC0413-8816-D1E4-920D-3BFBCE0A880F}.Debug|Any CPU.Build.0 = Debug|Any CPU
		{E9BC0413-8816-D1E4-920D-3BFBCE0A880F}.Release|Any CPU.ActiveCfg = Release|Any CPU
		{E9BC0413-8816-D1E4-920D-3BFBCE0A880F}.Release|Any CPU.Build.0 = Release|Any CPU
		{655C07A2-E13A-743A-E845-22CA78E19C72}.Debug|Any CPU.ActiveCfg = Debug|Any CPU
		{655C07A2-E13A-743A-E845-22CA78E19C72}.Debug|Any CPU.Build.0 = Debug|Any CPU
		{655C07A2-E13A-743A-E845-22CA78E19C72}.Release|Any CPU.ActiveCfg = Release|Any CPU
		{655C07A2-E13A-743A-E845-22CA78E19C72}.Release|Any CPU.Build.0 = Release|Any CPU
		{A8B29A53-0F1D-9459-3066-31BA7B85D51C}.Debug|Any CPU.ActiveCfg = Debug|Any CPU
		{A8B29A53-0F1D-9459-3066-31BA7B85D51C}.Debug|Any CPU.Build.0 = Debug|Any CPU
		{A8B29A53-0F1D-9459-3066-31BA7B85D51C}.Release|Any CPU.ActiveCfg = Release|Any CPU
		{A8B29A53-0F1D-9459-3066-31BA7B85D51C}.Release|Any CPU.Build.0 = Release|Any CPU
		{3E749B70-D5E4-D65D-9625-13E4872A6859}.Debug|Any CPU.ActiveCfg = Debug|Any CPU
		{3E749B70-D5E4-D65D-9625-13E4872A6859}.Debug|Any CPU.Build.0 = Debug|Any CPU
		{3E749B70-D5E4-D65D-9625-13E4872A6859}.Release|Any CPU.ActiveCfg = Release|Any CPU
		{3E749B70-D5E4-D65D-9625-13E4872A6859}.Release|Any CPU.Build.0 = Release|Any CPU
		{D406FFA4-23C4-91F8-DF24-E77E78822269}.Debug|Any CPU.ActiveCfg = Debug|Any CPU
		{D406FFA4-23C4-91F8-DF24-E77E78822269}.Debug|Any CPU.Build.0 = Debug|Any CPU
		{D406FFA4-23C4-91F8-DF24-E77E78822269}.Release|Any CPU.ActiveCfg = Release|Any CPU
		{D406FFA4-23C4-91F8-DF24-E77E78822269}.Release|Any CPU.Build.0 = Release|Any CPU
		{2281EF0A-D617-F075-04F8-B1CAE7ED1307}.Debug|Any CPU.ActiveCfg = Debug|Any CPU
		{2281EF0A-D617-F075-04F8-B1CAE7ED1307}.Debug|Any CPU.Build.0 = Debug|Any CPU
		{2281EF0A-D617-F075-04F8-B1CAE7ED1307}.Release|Any CPU.ActiveCfg = Release|Any CPU
		{2281EF0A-D617-F075-04F8-B1CAE7ED1307}.Release|Any CPU.Build.0 = Release|Any CPU
		{C272E6E3-216F-CBDE-5B51-D11B74F78F8B}.Debug|Any CPU.ActiveCfg = Debug|Any CPU
		{C272E6E3-216F-CBDE-5B51-D11B74F78F8B}.Debug|Any CPU.Build.0 = Debug|Any CPU
		{C272E6E3-216F-CBDE-5B51-D11B74F78F8B}.Release|Any CPU.ActiveCfg = Release|Any CPU
		{C272E6E3-216F-CBDE-5B51-D11B74F78F8B}.Release|Any CPU.Build.0 = Release|Any CPU
		{53DF133D-9B6D-F5B1-3DA8-CDFA52540754}.Debug|Any CPU.ActiveCfg = Debug|Any CPU
		{53DF133D-9B6D-F5B1-3DA8-CDFA52540754}.Debug|Any CPU.Build.0 = Debug|Any CPU
		{53DF133D-9B6D-F5B1-3DA8-CDFA52540754}.Release|Any CPU.ActiveCfg = Release|Any CPU
		{53DF133D-9B6D-F5B1-3DA8-CDFA52540754}.Release|Any CPU.Build.0 = Release|Any CPU
		{B7286B4F-A789-FBFD-F7AD-7C59EBC15FBD}.Debug|Any CPU.ActiveCfg = Debug|Any CPU
		{B7286B4F-A789-FBFD-F7AD-7C59EBC15FBD}.Debug|Any CPU.Build.0 = Debug|Any CPU
		{B7286B4F-A789-FBFD-F7AD-7C59EBC15FBD}.Release|Any CPU.ActiveCfg = Release|Any CPU
		{B7286B4F-A789-FBFD-F7AD-7C59EBC15FBD}.Release|Any CPU.Build.0 = Release|Any CPU
		{C89BA3D1-E8DA-6147-1403-0CDCF0F532EF}.Debug|Any CPU.ActiveCfg = Debug|Any CPU
		{C89BA3D1-E8DA-6147-1403-0CDCF0F532EF}.Debug|Any CPU.Build.0 = Debug|Any CPU
		{C89BA3D1-E8DA-6147-1403-0CDCF0F532EF}.Release|Any CPU.ActiveCfg = Release|Any CPU
		{C89BA3D1-E8DA-6147-1403-0CDCF0F532EF}.Release|Any CPU.Build.0 = Release|Any CPU
		{BED3F9D4-3AF0-7CD4-1098-AA1EFD2867FB}.Debug|Any CPU.ActiveCfg = Debug|Any CPU
		{BED3F9D4-3AF0-7CD4-1098-AA1EFD2867FB}.Debug|Any CPU.Build.0 = Debug|Any CPU
		{BED3F9D4-3AF0-7CD4-1098-AA1EFD2867FB}.Release|Any CPU.ActiveCfg = Release|Any CPU
		{BED3F9D4-3AF0-7CD4-1098-AA1EFD2867FB}.Release|Any CPU.Build.0 = Release|Any CPU
	EndGlobalSection
	GlobalSection(SolutionProperties) = preSolution
		HideSolutionNode = FALSE
	EndGlobalSection
EndGlobal
